// !$*UTF8*$!
{
	archiveVersion = 1;
	classes = {
	};
	objectVersion = 56;
	objects = {

/* Begin PBXBuildFile section */
		201E615C9B413A13FE3815FF /* Pods_MoviesTests.framework in Frameworks */ = {isa = PBXBuildFile; fileRef = F2EBA9636D497381EC848D0A /* Pods_MoviesTests.framework */; };
		9AFAE35160F82B7260E43131 /* Pods_Movies_MoviesUITests.framework in Frameworks */ = {isa = PBXBuildFile; fileRef = 22868A7B956A0F44E12C934C /* Pods_Movies_MoviesUITests.framework */; };
		D1DF13D6D107260BD6A141F1 /* Pods_Movies.framework in Frameworks */ = {isa = PBXBuildFile; fileRef = D6340487CFB14363CB94D39B /* Pods_Movies.framework */; };
		DEA04C462A8671C80075F22B /* AppDelegate.swift in Sources */ = {isa = PBXBuildFile; fileRef = DEA04C452A8671C80075F22B /* AppDelegate.swift */; };
		DEA04C482A8671C80075F22B /* SceneDelegate.swift in Sources */ = {isa = PBXBuildFile; fileRef = DEA04C472A8671C80075F22B /* SceneDelegate.swift */; };
		DEA04C4A2A8671C80075F22B /* ViewController.swift in Sources */ = {isa = PBXBuildFile; fileRef = DEA04C492A8671C80075F22B /* ViewController.swift */; };
		DEA04C4D2A8671C80075F22B /* Main.storyboard in Resources */ = {isa = PBXBuildFile; fileRef = DEA04C4B2A8671C80075F22B /* Main.storyboard */; };
		DEA04C502A8671C80075F22B /* Movies.xcdatamodeld in Sources */ = {isa = PBXBuildFile; fileRef = DEA04C4E2A8671C80075F22B /* Movies.xcdatamodeld */; };
		DEA04C522A8671C90075F22B /* Assets.xcassets in Resources */ = {isa = PBXBuildFile; fileRef = DEA04C512A8671C90075F22B /* Assets.xcassets */; };
		DEA04C552A8671C90075F22B /* LaunchScreen.storyboard in Resources */ = {isa = PBXBuildFile; fileRef = DEA04C532A8671C90075F22B /* LaunchScreen.storyboard */; };
		DEA04C602A8671C90075F22B /* MoviesTests.swift in Sources */ = {isa = PBXBuildFile; fileRef = DEA04C5F2A8671C90075F22B /* MoviesTests.swift */; };
		DEA04C6A2A8671C90075F22B /* MoviesUITests.swift in Sources */ = {isa = PBXBuildFile; fileRef = DEA04C692A8671C90075F22B /* MoviesUITests.swift */; };
		DEA04C6C2A8671C90075F22B /* MoviesUITestsLaunchTests.swift in Sources */ = {isa = PBXBuildFile; fileRef = DEA04C6B2A8671C90075F22B /* MoviesUITestsLaunchTests.swift */; };
		DEA04C792A8673130075F22B /* MovieTableViewCell.swift in Sources */ = {isa = PBXBuildFile; fileRef = DEA04C782A8673120075F22B /* MovieTableViewCell.swift */; };
		DEA04C882A868F270075F22B /* MovieEntity+CoreDataClass.swift in Sources */ = {isa = PBXBuildFile; fileRef = DEA04C862A868F270075F22B /* MovieEntity+CoreDataClass.swift */; };
		DEA04C892A868F270075F22B /* MovieEntity+CoreDataProperties.swift in Sources */ = {isa = PBXBuildFile; fileRef = DEA04C872A868F270075F22B /* MovieEntity+CoreDataProperties.swift */; };
/* End PBXBuildFile section */

/* Begin PBXContainerItemProxy section */
		DEA04C5C2A8671C90075F22B /* PBXContainerItemProxy */ = {
			isa = PBXContainerItemProxy;
			containerPortal = DEA04C3A2A8671C80075F22B /* Project object */;
			proxyType = 1;
			remoteGlobalIDString = DEA04C412A8671C80075F22B;
			remoteInfo = Movies;
		};
		DEA04C662A8671C90075F22B /* PBXContainerItemProxy */ = {
			isa = PBXContainerItemProxy;
			containerPortal = DEA04C3A2A8671C80075F22B /* Project object */;
			proxyType = 1;
			remoteGlobalIDString = DEA04C412A8671C80075F22B;
			remoteInfo = Movies;
		};
/* End PBXContainerItemProxy section */

/* Begin PBXFileReference section */
		0E6403C6D7138D17D9568B1B /* Pods-MoviesTests.debug.xcconfig */ = {isa = PBXFileReference; includeInIndex = 1; lastKnownFileType = text.xcconfig; name = "Pods-MoviesTests.debug.xcconfig"; path = "Target Support Files/Pods-MoviesTests/Pods-MoviesTests.debug.xcconfig"; sourceTree = "<group>"; };
		22868A7B956A0F44E12C934C /* Pods_Movies_MoviesUITests.framework */ = {isa = PBXFileReference; explicitFileType = wrapper.framework; includeInIndex = 0; path = Pods_Movies_MoviesUITests.framework; sourceTree = BUILT_PRODUCTS_DIR; };
		3889BC9D2180A640E01D4E06 /* Pods-Movies.release.xcconfig */ = {isa = PBXFileReference; includeInIndex = 1; lastKnownFileType = text.xcconfig; name = "Pods-Movies.release.xcconfig"; path = "Target Support Files/Pods-Movies/Pods-Movies.release.xcconfig"; sourceTree = "<group>"; };
		4487F9B533BE9877A08A7DA1 /* Pods-MoviesTests.release.xcconfig */ = {isa = PBXFileReference; includeInIndex = 1; lastKnownFileType = text.xcconfig; name = "Pods-MoviesTests.release.xcconfig"; path = "Target Support Files/Pods-MoviesTests/Pods-MoviesTests.release.xcconfig"; sourceTree = "<group>"; };
		5CF2B819A60B58ACA1DF8734 /* Pods-Movies-MoviesUITests.debug.xcconfig */ = {isa = PBXFileReference; includeInIndex = 1; lastKnownFileType = text.xcconfig; name = "Pods-Movies-MoviesUITests.debug.xcconfig"; path = "Target Support Files/Pods-Movies-MoviesUITests/Pods-Movies-MoviesUITests.debug.xcconfig"; sourceTree = "<group>"; };
		91344D8F5BEC1489173F39B9 /* Pods-Movies.debug.xcconfig */ = {isa = PBXFileReference; includeInIndex = 1; lastKnownFileType = text.xcconfig; name = "Pods-Movies.debug.xcconfig"; path = "Target Support Files/Pods-Movies/Pods-Movies.debug.xcconfig"; sourceTree = "<group>"; };
		D6340487CFB14363CB94D39B /* Pods_Movies.framework */ = {isa = PBXFileReference; explicitFileType = wrapper.framework; includeInIndex = 0; path = Pods_Movies.framework; sourceTree = BUILT_PRODUCTS_DIR; };
		DEA04C422A8671C80075F22B /* Movies.app */ = {isa = PBXFileReference; explicitFileType = wrapper.application; includeInIndex = 0; path = Movies.app; sourceTree = BUILT_PRODUCTS_DIR; };
		DEA04C452A8671C80075F22B /* AppDelegate.swift */ = {isa = PBXFileReference; lastKnownFileType = sourcecode.swift; path = AppDelegate.swift; sourceTree = "<group>"; };
		DEA04C472A8671C80075F22B /* SceneDelegate.swift */ = {isa = PBXFileReference; lastKnownFileType = sourcecode.swift; path = SceneDelegate.swift; sourceTree = "<group>"; };
		DEA04C492A8671C80075F22B /* ViewController.swift */ = {isa = PBXFileReference; lastKnownFileType = sourcecode.swift; path = ViewController.swift; sourceTree = "<group>"; };
		DEA04C4C2A8671C80075F22B /* Base */ = {isa = PBXFileReference; lastKnownFileType = file.storyboard; name = Base; path = Base.lproj/Main.storyboard; sourceTree = "<group>"; };
		DEA04C4F2A8671C80075F22B /* Movies.xcdatamodel */ = {isa = PBXFileReference; lastKnownFileType = wrapper.xcdatamodel; path = Movies.xcdatamodel; sourceTree = "<group>"; };
		DEA04C512A8671C90075F22B /* Assets.xcassets */ = {isa = PBXFileReference; lastKnownFileType = folder.assetcatalog; path = Assets.xcassets; sourceTree = "<group>"; };
		DEA04C542A8671C90075F22B /* Base */ = {isa = PBXFileReference; lastKnownFileType = file.storyboard; name = Base; path = Base.lproj/LaunchScreen.storyboard; sourceTree = "<group>"; };
		DEA04C562A8671C90075F22B /* Info.plist */ = {isa = PBXFileReference; lastKnownFileType = text.plist.xml; path = Info.plist; sourceTree = "<group>"; };
		DEA04C5B2A8671C90075F22B /* MoviesTests.xctest */ = {isa = PBXFileReference; explicitFileType = wrapper.cfbundle; includeInIndex = 0; path = MoviesTests.xctest; sourceTree = BUILT_PRODUCTS_DIR; };
		DEA04C5F2A8671C90075F22B /* MoviesTests.swift */ = {isa = PBXFileReference; lastKnownFileType = sourcecode.swift; path = MoviesTests.swift; sourceTree = "<group>"; };
		DEA04C652A8671C90075F22B /* MoviesUITests.xctest */ = {isa = PBXFileReference; explicitFileType = wrapper.cfbundle; includeInIndex = 0; path = MoviesUITests.xctest; sourceTree = BUILT_PRODUCTS_DIR; };
		DEA04C692A8671C90075F22B /* MoviesUITests.swift */ = {isa = PBXFileReference; lastKnownFileType = sourcecode.swift; path = MoviesUITests.swift; sourceTree = "<group>"; };
		DEA04C6B2A8671C90075F22B /* MoviesUITestsLaunchTests.swift */ = {isa = PBXFileReference; lastKnownFileType = sourcecode.swift; path = MoviesUITestsLaunchTests.swift; sourceTree = "<group>"; };
		DEA04C782A8673120075F22B /* MovieTableViewCell.swift */ = {isa = PBXFileReference; lastKnownFileType = sourcecode.swift; path = MovieTableViewCell.swift; sourceTree = "<group>"; };
		DEA04C862A868F270075F22B /* MovieEntity+CoreDataClass.swift */ = {isa = PBXFileReference; lastKnownFileType = sourcecode.swift; path = "MovieEntity+CoreDataClass.swift"; sourceTree = SOURCE_ROOT; };
		DEA04C872A868F270075F22B /* MovieEntity+CoreDataProperties.swift */ = {isa = PBXFileReference; lastKnownFileType = sourcecode.swift; path = "MovieEntity+CoreDataProperties.swift"; sourceTree = SOURCE_ROOT; };
		E6B71E82E28BBE6C6323770D /* Pods-Movies-MoviesUITests.release.xcconfig */ = {isa = PBXFileReference; includeInIndex = 1; lastKnownFileType = text.xcconfig; name = "Pods-Movies-MoviesUITests.release.xcconfig"; path = "Target Support Files/Pods-Movies-MoviesUITests/Pods-Movies-MoviesUITests.release.xcconfig"; sourceTree = "<group>"; };
		F2EBA9636D497381EC848D0A /* Pods_MoviesTests.framework */ = {isa = PBXFileReference; explicitFileType = wrapper.framework; includeInIndex = 0; path = Pods_MoviesTests.framework; sourceTree = BUILT_PRODUCTS_DIR; };
/* End PBXFileReference section */

/* Begin PBXFrameworksBuildPhase section */
		DEA04C3F2A8671C80075F22B /* Frameworks */ = {
			isa = PBXFrameworksBuildPhase;
			buildActionMask = 2147483647;
			files = (
				D1DF13D6D107260BD6A141F1 /* Pods_Movies.framework in Frameworks */,
			);
			runOnlyForDeploymentPostprocessing = 0;
		};
		DEA04C582A8671C90075F22B /* Frameworks */ = {
			isa = PBXFrameworksBuildPhase;
			buildActionMask = 2147483647;
			files = (
				201E615C9B413A13FE3815FF /* Pods_MoviesTests.framework in Frameworks */,
			);
			runOnlyForDeploymentPostprocessing = 0;
		};
		DEA04C622A8671C90075F22B /* Frameworks */ = {
			isa = PBXFrameworksBuildPhase;
			buildActionMask = 2147483647;
			files = (
				9AFAE35160F82B7260E43131 /* Pods_Movies_MoviesUITests.framework in Frameworks */,
			);
			runOnlyForDeploymentPostprocessing = 0;
		};
/* End PBXFrameworksBuildPhase section */

/* Begin PBXGroup section */
		5427DB95F464348C820161BA /* Frameworks */ = {
			isa = PBXGroup;
			children = (
				D6340487CFB14363CB94D39B /* Pods_Movies.framework */,
				22868A7B956A0F44E12C934C /* Pods_Movies_MoviesUITests.framework */,
				F2EBA9636D497381EC848D0A /* Pods_MoviesTests.framework */,
			);
			name = Frameworks;
			sourceTree = "<group>";
		};
		7DE83C8A9218A4BC3253DE82 /* Pods */ = {
			isa = PBXGroup;
			children = (
				91344D8F5BEC1489173F39B9 /* Pods-Movies.debug.xcconfig */,
				3889BC9D2180A640E01D4E06 /* Pods-Movies.release.xcconfig */,
				5CF2B819A60B58ACA1DF8734 /* Pods-Movies-MoviesUITests.debug.xcconfig */,
				E6B71E82E28BBE6C6323770D /* Pods-Movies-MoviesUITests.release.xcconfig */,
				0E6403C6D7138D17D9568B1B /* Pods-MoviesTests.debug.xcconfig */,
				4487F9B533BE9877A08A7DA1 /* Pods-MoviesTests.release.xcconfig */,
			);
			path = Pods;
			sourceTree = "<group>";
		};
		DEA04C392A8671C80075F22B = {
			isa = PBXGroup;
			children = (
				DEA04C442A8671C80075F22B /* Movies */,
				DEA04C5E2A8671C90075F22B /* MoviesTests */,
				DEA04C682A8671C90075F22B /* MoviesUITests */,
				DEA04C432A8671C80075F22B /* Products */,
				7DE83C8A9218A4BC3253DE82 /* Pods */,
				5427DB95F464348C820161BA /* Frameworks */,
			);
			sourceTree = "<group>";
		};
		DEA04C432A8671C80075F22B /* Products */ = {
			isa = PBXGroup;
			children = (
				DEA04C422A8671C80075F22B /* Movies.app */,
				DEA04C5B2A8671C90075F22B /* MoviesTests.xctest */,
				DEA04C652A8671C90075F22B /* MoviesUITests.xctest */,
			);
			name = Products;
			sourceTree = "<group>";
		};
		DEA04C442A8671C80075F22B /* Movies */ = {
			isa = PBXGroup;
			children = (
				DEA04C452A8671C80075F22B /* AppDelegate.swift */,
				DEA04C472A8671C80075F22B /* SceneDelegate.swift */,
				DEA04C492A8671C80075F22B /* ViewController.swift */,
				DEA04C782A8673120075F22B /* MovieTableViewCell.swift */,
				DEA04C4B2A8671C80075F22B /* Main.storyboard */,
				DEA04C512A8671C90075F22B /* Assets.xcassets */,
				DEA04C532A8671C90075F22B /* LaunchScreen.storyboard */,
				DEA04C562A8671C90075F22B /* Info.plist */,
				DEA04C862A868F270075F22B /* MovieEntity+CoreDataClass.swift */,
				DEA04C872A868F270075F22B /* MovieEntity+CoreDataProperties.swift */,
				DEA04C4E2A8671C80075F22B /* Movies.xcdatamodeld */,
			);
			path = Movies;
			sourceTree = "<group>";
		};
		DEA04C5E2A8671C90075F22B /* MoviesTests */ = {
			isa = PBXGroup;
			children = (
				DEA04C5F2A8671C90075F22B /* MoviesTests.swift */,
			);
			path = MoviesTests;
			sourceTree = "<group>";
		};
		DEA04C682A8671C90075F22B /* MoviesUITests */ = {
			isa = PBXGroup;
			children = (
				DEA04C692A8671C90075F22B /* MoviesUITests.swift */,
				DEA04C6B2A8671C90075F22B /* MoviesUITestsLaunchTests.swift */,
			);
			path = MoviesUITests;
			sourceTree = "<group>";
		};
/* End PBXGroup section */

/* Begin PBXNativeTarget section */
		DEA04C412A8671C80075F22B /* Movies */ = {
			isa = PBXNativeTarget;
			buildConfigurationList = DEA04C6F2A8671C90075F22B /* Build configuration list for PBXNativeTarget "Movies" */;
			buildPhases = (
				0F4DD07A7D119AF8A798386A /* [CP] Check Pods Manifest.lock */,
				DEA04C3E2A8671C80075F22B /* Sources */,
				DEA04C3F2A8671C80075F22B /* Frameworks */,
				DEA04C402A8671C80075F22B /* Resources */,
				9F4D689CBF7EDDFA7F6DC43C /* [CP] Embed Pods Frameworks */,
			);
			buildRules = (
			);
			dependencies = (
			);
			name = Movies;
			productName = Movies;
			productReference = DEA04C422A8671C80075F22B /* Movies.app */;
			productType = "com.apple.product-type.application";
		};
		DEA04C5A2A8671C90075F22B /* MoviesTests */ = {
			isa = PBXNativeTarget;
			buildConfigurationList = DEA04C722A8671C90075F22B /* Build configuration list for PBXNativeTarget "MoviesTests" */;
			buildPhases = (
				35A946C6241214DCE8FEF98F /* [CP] Check Pods Manifest.lock */,
				DEA04C572A8671C90075F22B /* Sources */,
				DEA04C582A8671C90075F22B /* Frameworks */,
				DEA04C592A8671C90075F22B /* Resources */,
			);
			buildRules = (
			);
			dependencies = (
				DEA04C5D2A8671C90075F22B /* PBXTargetDependency */,
			);
			name = MoviesTests;
			productName = MoviesTests;
			productReference = DEA04C5B2A8671C90075F22B /* MoviesTests.xctest */;
			productType = "com.apple.product-type.bundle.unit-test";
		};
		DEA04C642A8671C90075F22B /* MoviesUITests */ = {
			isa = PBXNativeTarget;
			buildConfigurationList = DEA04C752A8671C90075F22B /* Build configuration list for PBXNativeTarget "MoviesUITests" */;
			buildPhases = (
				005478AC2B131E26F6739B03 /* [CP] Check Pods Manifest.lock */,
				DEA04C612A8671C90075F22B /* Sources */,
				DEA04C622A8671C90075F22B /* Frameworks */,
				DEA04C632A8671C90075F22B /* Resources */,
				80225F58477B63537CC477FA /* [CP] Embed Pods Frameworks */,
			);
			buildRules = (
			);
			dependencies = (
				DEA04C672A8671C90075F22B /* PBXTargetDependency */,
			);
			name = MoviesUITests;
			productName = MoviesUITests;
			productReference = DEA04C652A8671C90075F22B /* MoviesUITests.xctest */;
			productType = "com.apple.product-type.bundle.ui-testing";
		};
/* End PBXNativeTarget section */

/* Begin PBXProject section */
		DEA04C3A2A8671C80075F22B /* Project object */ = {
			isa = PBXProject;
			attributes = {
				BuildIndependentTargetsInParallel = 1;
				LastSwiftUpdateCheck = 1430;
				LastUpgradeCheck = 1430;
				TargetAttributes = {
					DEA04C412A8671C80075F22B = {
						CreatedOnToolsVersion = 14.3.1;
					};
					DEA04C5A2A8671C90075F22B = {
						CreatedOnToolsVersion = 14.3.1;
						TestTargetID = DEA04C412A8671C80075F22B;
					};
					DEA04C642A8671C90075F22B = {
						CreatedOnToolsVersion = 14.3.1;
						TestTargetID = DEA04C412A8671C80075F22B;
					};
				};
			};
			buildConfigurationList = DEA04C3D2A8671C80075F22B /* Build configuration list for PBXProject "Movies" */;
			compatibilityVersion = "Xcode 14.0";
			developmentRegion = en;
			hasScannedForEncodings = 0;
			knownRegions = (
				en,
				Base,
			);
			mainGroup = DEA04C392A8671C80075F22B;
			productRefGroup = DEA04C432A8671C80075F22B /* Products */;
			projectDirPath = "";
			projectRoot = "";
			targets = (
				DEA04C412A8671C80075F22B /* Movies */,
				DEA04C5A2A8671C90075F22B /* MoviesTests */,
				DEA04C642A8671C90075F22B /* MoviesUITests */,
			);
		};
/* End PBXProject section */

/* Begin PBXResourcesBuildPhase section */
		DEA04C402A8671C80075F22B /* Resources */ = {
			isa = PBXResourcesBuildPhase;
			buildActionMask = 2147483647;
			files = (
				DEA04C552A8671C90075F22B /* LaunchScreen.storyboard in Resources */,
				DEA04C522A8671C90075F22B /* Assets.xcassets in Resources */,
				DEA04C4D2A8671C80075F22B /* Main.storyboard in Resources */,
			);
			runOnlyForDeploymentPostprocessing = 0;
		};
		DEA04C592A8671C90075F22B /* Resources */ = {
			isa = PBXResourcesBuildPhase;
			buildActionMask = 2147483647;
			files = (
			);
			runOnlyForDeploymentPostprocessing = 0;
		};
		DEA04C632A8671C90075F22B /* Resources */ = {
			isa = PBXResourcesBuildPhase;
			buildActionMask = 2147483647;
			files = (
			);
			runOnlyForDeploymentPostprocessing = 0;
		};
/* End PBXResourcesBuildPhase section */

/* Begin PBXShellScriptBuildPhase section */
		005478AC2B131E26F6739B03 /* [CP] Check Pods Manifest.lock */ = {
			isa = PBXShellScriptBuildPhase;
			buildActionMask = 2147483647;
			files = (
			);
			inputFileListPaths = (
			);
			inputPaths = (
				"${PODS_PODFILE_DIR_PATH}/Podfile.lock",
				"${PODS_ROOT}/Manifest.lock",
			);
			name = "[CP] Check Pods Manifest.lock";
			outputFileListPaths = (
			);
			outputPaths = (
				"$(DERIVED_FILE_DIR)/Pods-Movies-MoviesUITests-checkManifestLockResult.txt",
			);
			runOnlyForDeploymentPostprocessing = 0;
			shellPath = /bin/sh;
			shellScript = "diff \"${PODS_PODFILE_DIR_PATH}/Podfile.lock\" \"${PODS_ROOT}/Manifest.lock\" > /dev/null\nif [ $? != 0 ] ; then\n    # print error to STDERR\n    echo \"error: The sandbox is not in sync with the Podfile.lock. Run 'pod install' or update your CocoaPods installation.\" >&2\n    exit 1\nfi\n# This output is used by Xcode 'outputs' to avoid re-running this script phase.\necho \"SUCCESS\" > \"${SCRIPT_OUTPUT_FILE_0}\"\n";
			showEnvVarsInLog = 0;
		};
		0F4DD07A7D119AF8A798386A /* [CP] Check Pods Manifest.lock */ = {
			isa = PBXShellScriptBuildPhase;
			buildActionMask = 2147483647;
			files = (
			);
			inputFileListPaths = (
			);
			inputPaths = (
				"${PODS_PODFILE_DIR_PATH}/Podfile.lock",
				"${PODS_ROOT}/Manifest.lock",
			);
			name = "[CP] Check Pods Manifest.lock";
			outputFileListPaths = (
			);
			outputPaths = (
				"$(DERIVED_FILE_DIR)/Pods-Movies-checkManifestLockResult.txt",
			);
			runOnlyForDeploymentPostprocessing = 0;
			shellPath = /bin/sh;
			shellScript = "diff \"${PODS_PODFILE_DIR_PATH}/Podfile.lock\" \"${PODS_ROOT}/Manifest.lock\" > /dev/null\nif [ $? != 0 ] ; then\n    # print error to STDERR\n    echo \"error: The sandbox is not in sync with the Podfile.lock. Run 'pod install' or update your CocoaPods installation.\" >&2\n    exit 1\nfi\n# This output is used by Xcode 'outputs' to avoid re-running this script phase.\necho \"SUCCESS\" > \"${SCRIPT_OUTPUT_FILE_0}\"\n";
			showEnvVarsInLog = 0;
		};
		35A946C6241214DCE8FEF98F /* [CP] Check Pods Manifest.lock */ = {
			isa = PBXShellScriptBuildPhase;
			buildActionMask = 2147483647;
			files = (
			);
			inputFileListPaths = (
			);
			inputPaths = (
				"${PODS_PODFILE_DIR_PATH}/Podfile.lock",
				"${PODS_ROOT}/Manifest.lock",
			);
			name = "[CP] Check Pods Manifest.lock";
			outputFileListPaths = (
			);
			outputPaths = (
				"$(DERIVED_FILE_DIR)/Pods-MoviesTests-checkManifestLockResult.txt",
			);
			runOnlyForDeploymentPostprocessing = 0;
			shellPath = /bin/sh;
			shellScript = "diff \"${PODS_PODFILE_DIR_PATH}/Podfile.lock\" \"${PODS_ROOT}/Manifest.lock\" > /dev/null\nif [ $? != 0 ] ; then\n    # print error to STDERR\n    echo \"error: The sandbox is not in sync with the Podfile.lock. Run 'pod install' or update your CocoaPods installation.\" >&2\n    exit 1\nfi\n# This output is used by Xcode 'outputs' to avoid re-running this script phase.\necho \"SUCCESS\" > \"${SCRIPT_OUTPUT_FILE_0}\"\n";
			showEnvVarsInLog = 0;
		};
		80225F58477B63537CC477FA /* [CP] Embed Pods Frameworks */ = {
			isa = PBXShellScriptBuildPhase;
			buildActionMask = 2147483647;
			files = (
			);
			inputFileListPaths = (
				"${PODS_ROOT}/Target Support Files/Pods-Movies-MoviesUITests/Pods-Movies-MoviesUITests-frameworks-${CONFIGURATION}-input-files.xcfilelist",
			);
			name = "[CP] Embed Pods Frameworks";
			outputFileListPaths = (
				"${PODS_ROOT}/Target Support Files/Pods-Movies-MoviesUITests/Pods-Movies-MoviesUITests-frameworks-${CONFIGURATION}-output-files.xcfilelist",
			);
			runOnlyForDeploymentPostprocessing = 0;
			shellPath = /bin/sh;
			shellScript = "\"${PODS_ROOT}/Target Support Files/Pods-Movies-MoviesUITests/Pods-Movies-MoviesUITests-frameworks.sh\"\n";
			showEnvVarsInLog = 0;
		};
		9F4D689CBF7EDDFA7F6DC43C /* [CP] Embed Pods Frameworks */ = {
			isa = PBXShellScriptBuildPhase;
			buildActionMask = 2147483647;
			files = (
			);
			inputFileListPaths = (
				"${PODS_ROOT}/Target Support Files/Pods-Movies/Pods-Movies-frameworks-${CONFIGURATION}-input-files.xcfilelist",
			);
			name = "[CP] Embed Pods Frameworks";
			outputFileListPaths = (
				"${PODS_ROOT}/Target Support Files/Pods-Movies/Pods-Movies-frameworks-${CONFIGURATION}-output-files.xcfilelist",
			);
			runOnlyForDeploymentPostprocessing = 0;
			shellPath = /bin/sh;
			shellScript = "\"${PODS_ROOT}/Target Support Files/Pods-Movies/Pods-Movies-frameworks.sh\"\n";
			showEnvVarsInLog = 0;
		};
/* End PBXShellScriptBuildPhase section */

/* Begin PBXSourcesBuildPhase section */
		DEA04C3E2A8671C80075F22B /* Sources */ = {
			isa = PBXSourcesBuildPhase;
			buildActionMask = 2147483647;
			files = (
				DEA04C792A8673130075F22B /* MovieTableViewCell.swift in Sources */,
				DEA04C882A868F270075F22B /* MovieEntity+CoreDataClass.swift in Sources */,
				DEA04C4A2A8671C80075F22B /* ViewController.swift in Sources */,
				DEA04C462A8671C80075F22B /* AppDelegate.swift in Sources */,
				DEA04C502A8671C80075F22B /* Movies.xcdatamodeld in Sources */,
				DEA04C892A868F270075F22B /* MovieEntity+CoreDataProperties.swift in Sources */,
				DEA04C482A8671C80075F22B /* SceneDelegate.swift in Sources */,
			);
			runOnlyForDeploymentPostprocessing = 0;
		};
		DEA04C572A8671C90075F22B /* Sources */ = {
			isa = PBXSourcesBuildPhase;
			buildActionMask = 2147483647;
			files = (
				DEA04C602A8671C90075F22B /* MoviesTests.swift in Sources */,
			);
			runOnlyForDeploymentPostprocessing = 0;
		};
		DEA04C612A8671C90075F22B /* Sources */ = {
			isa = PBXSourcesBuildPhase;
			buildActionMask = 2147483647;
			files = (
				DEA04C6A2A8671C90075F22B /* MoviesUITests.swift in Sources */,
				DEA04C6C2A8671C90075F22B /* MoviesUITestsLaunchTests.swift in Sources */,
			);
			runOnlyForDeploymentPostprocessing = 0;
		};
/* End PBXSourcesBuildPhase section */

/* Begin PBXTargetDependency section */
		DEA04C5D2A8671C90075F22B /* PBXTargetDependency */ = {
			isa = PBXTargetDependency;
			target = DEA04C412A8671C80075F22B /* Movies */;
			targetProxy = DEA04C5C2A8671C90075F22B /* PBXContainerItemProxy */;
		};
		DEA04C672A8671C90075F22B /* PBXTargetDependency */ = {
			isa = PBXTargetDependency;
			target = DEA04C412A8671C80075F22B /* Movies */;
			targetProxy = DEA04C662A8671C90075F22B /* PBXContainerItemProxy */;
		};
/* End PBXTargetDependency section */

/* Begin PBXVariantGroup section */
		DEA04C4B2A8671C80075F22B /* Main.storyboard */ = {
			isa = PBXVariantGroup;
			children = (
				DEA04C4C2A8671C80075F22B /* Base */,
			);
			name = Main.storyboard;
			sourceTree = "<group>";
		};
		DEA04C532A8671C90075F22B /* LaunchScreen.storyboard */ = {
			isa = PBXVariantGroup;
			children = (
				DEA04C542A8671C90075F22B /* Base */,
			);
			name = LaunchScreen.storyboard;
			sourceTree = "<group>";
		};
/* End PBXVariantGroup section */

/* Begin XCBuildConfiguration section */
		DEA04C6D2A8671C90075F22B /* Debug */ = {
			isa = XCBuildConfiguration;
			buildSettings = {
				ALWAYS_SEARCH_USER_PATHS = NO;
				CLANG_ANALYZER_NONNULL = YES;
				CLANG_ANALYZER_NUMBER_OBJECT_CONVERSION = YES_AGGRESSIVE;
				CLANG_CXX_LANGUAGE_STANDARD = "gnu++20";
				CLANG_ENABLE_MODULES = YES;
				CLANG_ENABLE_OBJC_ARC = YES;
				CLANG_ENABLE_OBJC_WEAK = YES;
				CLANG_WARN_BLOCK_CAPTURE_AUTORELEASING = YES;
				CLANG_WARN_BOOL_CONVERSION = YES;
				CLANG_WARN_COMMA = YES;
				CLANG_WARN_CONSTANT_CONVERSION = YES;
				CLANG_WARN_DEPRECATED_OBJC_IMPLEMENTATIONS = YES;
				CLANG_WARN_DIRECT_OBJC_ISA_USAGE = YES_ERROR;
				CLANG_WARN_DOCUMENTATION_COMMENTS = YES;
				CLANG_WARN_EMPTY_BODY = YES;
				CLANG_WARN_ENUM_CONVERSION = YES;
				CLANG_WARN_INFINITE_RECURSION = YES;
				CLANG_WARN_INT_CONVERSION = YES;
				CLANG_WARN_NON_LITERAL_NULL_CONVERSION = YES;
				CLANG_WARN_OBJC_IMPLICIT_RETAIN_SELF = YES;
				CLANG_WARN_OBJC_LITERAL_CONVERSION = YES;
				CLANG_WARN_OBJC_ROOT_CLASS = YES_ERROR;
				CLANG_WARN_QUOTED_INCLUDE_IN_FRAMEWORK_HEADER = YES;
				CLANG_WARN_RANGE_LOOP_ANALYSIS = YES;
				CLANG_WARN_STRICT_PROTOTYPES = YES;
				CLANG_WARN_SUSPICIOUS_MOVE = YES;
				CLANG_WARN_UNGUARDED_AVAILABILITY = YES_AGGRESSIVE;
				CLANG_WARN_UNREACHABLE_CODE = YES;
				CLANG_WARN__DUPLICATE_METHOD_MATCH = YES;
				COPY_PHASE_STRIP = NO;
				DEBUG_INFORMATION_FORMAT = dwarf;
				ENABLE_STRICT_OBJC_MSGSEND = YES;
				ENABLE_TESTABILITY = YES;
				GCC_C_LANGUAGE_STANDARD = gnu11;
				GCC_DYNAMIC_NO_PIC = NO;
				GCC_NO_COMMON_BLOCKS = YES;
				GCC_OPTIMIZATION_LEVEL = 0;
				GCC_PREPROCESSOR_DEFINITIONS = (
					"DEBUG=1",
					"$(inherited)",
				);
				GCC_WARN_64_TO_32_BIT_CONVERSION = YES;
				GCC_WARN_ABOUT_RETURN_TYPE = YES_ERROR;
				GCC_WARN_UNDECLARED_SELECTOR = YES;
				GCC_WARN_UNINITIALIZED_AUTOS = YES_AGGRESSIVE;
				GCC_WARN_UNUSED_FUNCTION = YES;
				GCC_WARN_UNUSED_VARIABLE = YES;
				IPHONEOS_DEPLOYMENT_TARGET = 16.4;
				MTL_ENABLE_DEBUG_INFO = INCLUDE_SOURCE;
				MTL_FAST_MATH = YES;
				ONLY_ACTIVE_ARCH = YES;
				SDKROOT = iphoneos;
				SWIFT_ACTIVE_COMPILATION_CONDITIONS = DEBUG;
				SWIFT_OPTIMIZATION_LEVEL = "-Onone";
			};
			name = Debug;
		};
		DEA04C6E2A8671C90075F22B /* Release */ = {
			isa = XCBuildConfiguration;
			buildSettings = {
				ALWAYS_SEARCH_USER_PATHS = NO;
				CLANG_ANALYZER_NONNULL = YES;
				CLANG_ANALYZER_NUMBER_OBJECT_CONVERSION = YES_AGGRESSIVE;
				CLANG_CXX_LANGUAGE_STANDARD = "gnu++20";
				CLANG_ENABLE_MODULES = YES;
				CLANG_ENABLE_OBJC_ARC = YES;
				CLANG_ENABLE_OBJC_WEAK = YES;
				CLANG_WARN_BLOCK_CAPTURE_AUTORELEASING = YES;
				CLANG_WARN_BOOL_CONVERSION = YES;
				CLANG_WARN_COMMA = YES;
				CLANG_WARN_CONSTANT_CONVERSION = YES;
				CLANG_WARN_DEPRECATED_OBJC_IMPLEMENTATIONS = YES;
				CLANG_WARN_DIRECT_OBJC_ISA_USAGE = YES_ERROR;
				CLANG_WARN_DOCUMENTATION_COMMENTS = YES;
				CLANG_WARN_EMPTY_BODY = YES;
				CLANG_WARN_ENUM_CONVERSION = YES;
				CLANG_WARN_INFINITE_RECURSION = YES;
				CLANG_WARN_INT_CONVERSION = YES;
				CLANG_WARN_NON_LITERAL_NULL_CONVERSION = YES;
				CLANG_WARN_OBJC_IMPLICIT_RETAIN_SELF = YES;
				CLANG_WARN_OBJC_LITERAL_CONVERSION = YES;
				CLANG_WARN_OBJC_ROOT_CLASS = YES_ERROR;
				CLANG_WARN_QUOTED_INCLUDE_IN_FRAMEWORK_HEADER = YES;
				CLANG_WARN_RANGE_LOOP_ANALYSIS = YES;
				CLANG_WARN_STRICT_PROTOTYPES = YES;
				CLANG_WARN_SUSPICIOUS_MOVE = YES;
				CLANG_WARN_UNGUARDED_AVAILABILITY = YES_AGGRESSIVE;
				CLANG_WARN_UNREACHABLE_CODE = YES;
				CLANG_WARN__DUPLICATE_METHOD_MATCH = YES;
				COPY_PHASE_STRIP = NO;
				DEBUG_INFORMATION_FORMAT = "dwarf-with-dsym";
				ENABLE_NS_ASSERTIONS = NO;
				ENABLE_STRICT_OBJC_MSGSEND = YES;
				GCC_C_LANGUAGE_STANDARD = gnu11;
				GCC_NO_COMMON_BLOCKS = YES;
				GCC_WARN_64_TO_32_BIT_CONVERSION = YES;
				GCC_WARN_ABOUT_RETURN_TYPE = YES_ERROR;
				GCC_WARN_UNDECLARED_SELECTOR = YES;
				GCC_WARN_UNINITIALIZED_AUTOS = YES_AGGRESSIVE;
				GCC_WARN_UNUSED_FUNCTION = YES;
				GCC_WARN_UNUSED_VARIABLE = YES;
				IPHONEOS_DEPLOYMENT_TARGET = 16.4;
				MTL_ENABLE_DEBUG_INFO = NO;
				MTL_FAST_MATH = YES;
				SDKROOT = iphoneos;
				SWIFT_COMPILATION_MODE = wholemodule;
				SWIFT_OPTIMIZATION_LEVEL = "-O";
				VALIDATE_PRODUCT = YES;
			};
			name = Release;
		};
		DEA04C702A8671C90075F22B /* Debug */ = {
			isa = XCBuildConfiguration;
			baseConfigurationReference = 91344D8F5BEC1489173F39B9 /* Pods-Movies.debug.xcconfig */;
			buildSettings = {
				ASSETCATALOG_COMPILER_APPICON_NAME = AppIcon;
				ASSETCATALOG_COMPILER_GLOBAL_ACCENT_COLOR_NAME = AccentColor;
				CODE_SIGN_STYLE = Automatic;
				CURRENT_PROJECT_VERSION = 1;
				DEVELOPMENT_TEAM = 55J73B78RN;
				GENERATE_INFOPLIST_FILE = YES;
				INFOPLIST_FILE = Movies/Info.plist;
				INFOPLIST_KEY_UIApplicationSupportsIndirectInputEvents = YES;
				INFOPLIST_KEY_UILaunchStoryboardName = LaunchScreen;
				INFOPLIST_KEY_UIMainStoryboardFile = Main;
				INFOPLIST_KEY_UISupportedInterfaceOrientations_iPad = "UIInterfaceOrientationPortrait UIInterfaceOrientationPortraitUpsideDown UIInterfaceOrientationLandscapeLeft UIInterfaceOrientationLandscapeRight";
				INFOPLIST_KEY_UISupportedInterfaceOrientations_iPhone = "UIInterfaceOrientationPortrait UIInterfaceOrientationLandscapeLeft UIInterfaceOrientationLandscapeRight";
				LD_RUNPATH_SEARCH_PATHS = (
					"$(inherited)",
					"@executable_path/Frameworks",
				);
				MARKETING_VERSION = 1.0;
				PRODUCT_BUNDLE_IDENTIFIER = movies.Movies;
				PRODUCT_NAME = "$(TARGET_NAME)";
				SWIFT_EMIT_LOC_STRINGS = YES;
				SWIFT_VERSION = 5.0;
				TARGETED_DEVICE_FAMILY = "1,2";
			};
			name = Debug;
		};
		DEA04C712A8671C90075F22B /* Release */ = {
			isa = XCBuildConfiguration;
			baseConfigurationReference = 3889BC9D2180A640E01D4E06 /* Pods-Movies.release.xcconfig */;
			buildSettings = {
				ASSETCATALOG_COMPILER_APPICON_NAME = AppIcon;
				ASSETCATALOG_COMPILER_GLOBAL_ACCENT_COLOR_NAME = AccentColor;
				CODE_SIGN_STYLE = Automatic;
				CURRENT_PROJECT_VERSION = 1;
				DEVELOPMENT_TEAM = 55J73B78RN;
				GENERATE_INFOPLIST_FILE = YES;
				INFOPLIST_FILE = Movies/Info.plist;
				INFOPLIST_KEY_UIApplicationSupportsIndirectInputEvents = YES;
				INFOPLIST_KEY_UILaunchStoryboardName = LaunchScreen;
				INFOPLIST_KEY_UIMainStoryboardFile = Main;
				INFOPLIST_KEY_UISupportedInterfaceOrientations_iPad = "UIInterfaceOrientationPortrait UIInterfaceOrientationPortraitUpsideDown UIInterfaceOrientationLandscapeLeft UIInterfaceOrientationLandscapeRight";
				INFOPLIST_KEY_UISupportedInterfaceOrientations_iPhone = "UIInterfaceOrientationPortrait UIInterfaceOrientationLandscapeLeft UIInterfaceOrientationLandscapeRight";
				LD_RUNPATH_SEARCH_PATHS = (
					"$(inherited)",
					"@executable_path/Frameworks",
				);
				MARKETING_VERSION = 1.0;
				PRODUCT_BUNDLE_IDENTIFIER = movies.Movies;
				PRODUCT_NAME = "$(TARGET_NAME)";
				SWIFT_EMIT_LOC_STRINGS = YES;
				SWIFT_VERSION = 5.0;
				TARGETED_DEVICE_FAMILY = "1,2";
			};
			name = Release;
		};
		DEA04C732A8671C90075F22B /* Debug */ = {
			isa = XCBuildConfiguration;
			baseConfigurationReference = 0E6403C6D7138D17D9568B1B /* Pods-MoviesTests.debug.xcconfig */;
			buildSettings = {
				ALWAYS_EMBED_SWIFT_STANDARD_LIBRARIES = YES;
				BUNDLE_LOADER = "$(TEST_HOST)";
				CODE_SIGN_STYLE = Automatic;
				CURRENT_PROJECT_VERSION = 1;
				DEVELOPMENT_TEAM = 55J73B78RN;
				GENERATE_INFOPLIST_FILE = YES;
				IPHONEOS_DEPLOYMENT_TARGET = 16.4;
				MARKETING_VERSION = 1.0;
				PRODUCT_BUNDLE_IDENTIFIER = movies.MoviesTests;
				PRODUCT_NAME = "$(TARGET_NAME)";
				SWIFT_EMIT_LOC_STRINGS = NO;
				SWIFT_VERSION = 5.0;
				TARGETED_DEVICE_FAMILY = "1,2";
				TEST_HOST = "$(BUILT_PRODUCTS_DIR)/Movies.app/$(BUNDLE_EXECUTABLE_FOLDER_PATH)/Movies";
			};
			name = Debug;
		};
		DEA04C742A8671C90075F22B /* Release */ = {
			isa = XCBuildConfiguration;
			baseConfigurationReference = 4487F9B533BE9877A08A7DA1 /* Pods-MoviesTests.release.xcconfig */;
			buildSettings = {
				ALWAYS_EMBED_SWIFT_STANDARD_LIBRARIES = YES;
				BUNDLE_LOADER = "$(TEST_HOST)";
				CODE_SIGN_STYLE = Automatic;
				CURRENT_PROJECT_VERSION = 1;
				DEVELOPMENT_TEAM = 55J73B78RN;
				GENERATE_INFOPLIST_FILE = YES;
				IPHONEOS_DEPLOYMENT_TARGET = 16.4;
				MARKETING_VERSION = 1.0;
				PRODUCT_BUNDLE_IDENTIFIER = movies.MoviesTests;
				PRODUCT_NAME = "$(TARGET_NAME)";
				SWIFT_EMIT_LOC_STRINGS = NO;
				SWIFT_VERSION = 5.0;
				TARGETED_DEVICE_FAMILY = "1,2";
				TEST_HOST = "$(BUILT_PRODUCTS_DIR)/Movies.app/$(BUNDLE_EXECUTABLE_FOLDER_PATH)/Movies";
			};
			name = Release;
		};
		DEA04C762A8671C90075F22B /* Debug */ = {
			isa = XCBuildConfiguration;
			baseConfigurationReference = 5CF2B819A60B58ACA1DF8734 /* Pods-Movies-MoviesUITests.debug.xcconfig */;
			buildSettings = {
				ALWAYS_EMBED_SWIFT_STANDARD_LIBRARIES = YES;
				CODE_SIGN_STYLE = Automatic;
				CURRENT_PROJECT_VERSION = 1;
				DEVELOPMENT_TEAM = 55J73B78RN;
				GENERATE_INFOPLIST_FILE = YES;
				MARKETING_VERSION = 1.0;
				PRODUCT_BUNDLE_IDENTIFIER = movies.MoviesUITests;
				PRODUCT_NAME = "$(TARGET_NAME)";
				SWIFT_EMIT_LOC_STRINGS = NO;
				SWIFT_VERSION = 5.0;
				TARGETED_DEVICE_FAMILY = "1,2";
				TEST_TARGET_NAME = Movies;
			};
			name = Debug;
		};
		DEA04C772A8671C90075F22B /* Release */ = {
			isa = XCBuildConfiguration;
			baseConfigurationReference = E6B71E82E28BBE6C6323770D /* Pods-Movies-MoviesUITests.release.xcconfig */;
			buildSettings = {
				ALWAYS_EMBED_SWIFT_STANDARD_LIBRARIES = YES;
				CODE_SIGN_STYLE = Automatic;
				CURRENT_PROJECT_VERSION = 1;
				DEVELOPMENT_TEAM = 55J73B78RN;
				GENERATE_INFOPLIST_FILE = YES;
				MARKETING_VERSION = 1.0;
				PRODUCT_BUNDLE_IDENTIFIER = movies.MoviesUITests;
				PRODUCT_NAME = "$(TARGET_NAME)";
				SWIFT_EMIT_LOC_STRINGS = NO;
				SWIFT_VERSION = 5.0;
				TARGETED_DEVICE_FAMILY = "1,2";
				TEST_TARGET_NAME = Movies;
			};
			name = Release;
		};
/* End XCBuildConfiguration section */

/* Begin XCConfigurationList section */
		DEA04C3D2A8671C80075F22B /* Build configuration list for PBXProject "Movies" */ = {
			isa = XCConfigurationList;
			buildConfigurations = (
				DEA04C6D2A8671C90075F22B /* Debug */,
				DEA04C6E2A8671C90075F22B /* Release */,
			);
			defaultConfigurationIsVisible = 0;
			defaultConfigurationName = Release;
		};
		DEA04C6F2A8671C90075F22B /* Build configuration list for PBXNativeTarget "Movies" */ = {
			isa = XCConfigurationList;
			buildConfigurations = (
				DEA04C702A8671C90075F22B /* Debug */,
				DEA04C712A8671C90075F22B /* Release */,
			);
			defaultConfigurationIsVisible = 0;
			defaultConfigurationName = Release;
		};
		DEA04C722A8671C90075F22B /* Build configuration list for PBXNativeTarget "MoviesTests" */ = {
			isa = XCConfigurationList;
			buildConfigurations = (
				DEA04C732A8671C90075F22B /* Debug */,
				DEA04C742A8671C90075F22B /* Release */,
			);
			defaultConfigurationIsVisible = 0;
			defaultConfigurationName = Release;
		};
		DEA04C752A8671C90075F22B /* Build configuration list for PBXNativeTarget "MoviesUITests" */ = {
			isa = XCConfigurationList;
			buildConfigurations = (
				DEA04C762A8671C90075F22B /* Debug */,
				DEA04C772A8671C90075F22B /* Release */,
			);
			defaultConfigurationIsVisible = 0;
			defaultConfigurationName = Release;
		};
/* End XCConfigurationList section */

/* Begin XCVersionGroup section */
		DEA04C4E2A8671C80075F22B /* Movies.xcdatamodeld */ = {
			isa = XCVersionGroup;
			children = (
				DEA04C4F2A8671C80075F22B /* Movies.xcdatamodel */,
			);
			currentVersion = DEA04C4F2A8671C80075F22B /* Movies.xcdatamodel */;
			path = Movies.xcdatamodeld;
			sourceTree = "<group>";
			versionGroupType = wrapper.xcdatamodel;
		};
/* End XCVersionGroup section */
	};
	rootObject = DEA04C3A2A8671C80075F22B /* Project object */;
}
